
Microsoft Visual Studio Solution File, Format Version 12.00
# Visual Studio Version 17
VisualStudioVersion = 17.11.35222.181
MinimumVisualStudioVersion = 10.0.40219.1
Project("{9A19103F-16F7-4668-BE54-9A1E7A4F7556}") = "Tarefa3.API", "Tarefa3.API\Tarefa3.API.csproj", "{34F3678A-BF1E-4DFC-A028-E4BAA98E191E}"
EndProject
Project("{9A19103F-16F7-4668-BE54-9A1E7A4F7556}") = "Tarefa3.Domain", "Tarefa3.Domain\Tarefa3.Domain.csproj", "{0AB68208-8654-4BCA-9771-145F2FCEA3B9}"
EndProject
Project("{9A19103F-16F7-4668-BE54-9A1E7A4F7556}") = "Tarefa3.Application", "Tarefa3.Application\Tarefa3.Application.csproj", "{9F7C7740-D99F-47A6-8688-4613DA11744D}"
EndProject
Project("{FAE04EC0-301F-11D3-BF4B-00C04F79EFBC}") = "Tarefa3.Data.Rest", "Tarefa3.Data.Rest\Tarefa3.Data.Rest.csproj", "{6CC88ACE-D6FD-46F7-88ED-F1A670920332}"
EndProject
Project("{FAE04EC0-301F-11D3-BF4B-00C04F79EFBC}") = "Tarefa3.Data.SQL", "Tarefa3.Data.SQL\Tarefa3.Data.SQL.csproj", "{8622C5A7-46F7-4194-A39B-A31FB26B0CC8}"
EndProject
Global
	GlobalSection(SolutionConfigurationPlatforms) = preSolution
		Debug|Any CPU = Debug|Any CPU
		Release|Any CPU = Release|Any CPU
	EndGlobalSection
	GlobalSection(ProjectConfigurationPlatforms) = postSolution
		{34F3678A-BF1E-4DFC-A028-E4BAA98E191E}.Debug|Any CPU.ActiveCfg = Debug|Any CPU
		{34F3678A-BF1E-4DFC-A028-E4BAA98E191E}.Debug|Any CPU.Build.0 = Debug|Any CPU
		{34F3678A-BF1E-4DFC-A028-E4BAA98E191E}.Release|Any CPU.ActiveCfg = Release|Any CPU
		{34F3678A-BF1E-4DFC-A028-E4BAA98E191E}.Release|Any CPU.Build.0 = Release|Any CPU
		{0AB68208-8654-4BCA-9771-145F2FCEA3B9}.Debug|Any CPU.ActiveCfg = Debug|Any CPU
		{0AB68208-8654-4BCA-9771-145F2FCEA3B9}.Debug|Any CPU.Build.0 = Debug|Any CPU
		{0AB68208-8654-4BCA-9771-145F2FCEA3B9}.Release|Any CPU.ActiveCfg = Release|Any CPU
		{0AB68208-8654-4BCA-9771-145F2FCEA3B9}.Release|Any CPU.Build.0 = Release|Any CPU
		{9F7C7740-D99F-47A6-8688-4613DA11744D}.Debug|Any CPU.ActiveCfg = Debug|Any CPU
		{9F7C7740-D99F-47A6-8688-4613DA11744D}.Debug|Any CPU.Build.0 = Debug|Any CPU
		{9F7C7740-D99F-47A6-8688-4613DA11744D}.Release|Any CPU.ActiveCfg = Release|Any CPU
		{9F7C7740-D99F-47A6-8688-4613DA11744D}.Release|Any CPU.Build.0 = Release|Any CPU
		{6CC88ACE-D6FD-46F7-88ED-F1A670920332}.Debug|Any CPU.ActiveCfg = Debug|Any CPU
		{6CC88ACE-D6FD-46F7-88ED-F1A670920332}.Debug|Any CPU.Build.0 = Debug|Any CPU
		{6CC88ACE-D6FD-46F7-88ED-F1A670920332}.Release|Any CPU.ActiveCfg = Release|Any CPU
		{6CC88ACE-D6FD-46F7-88ED-F1A670920332}.Release|Any CPU.Build.0 = Release|Any CPU
		{8622C5A7-46F7-4194-A39B-A31FB26B0CC8}.Debug|Any CPU.ActiveCfg = Debug|Any CPU
		{8622C5A7-46F7-4194-A39B-A31FB26B0CC8}.Debug|Any CPU.Build.0 = Debug|Any CPU
		{8622C5A7-46F7-4194-A39B-A31FB26B0CC8}.Release|Any CPU.ActiveCfg = Release|Any CPU
		{8622C5A7-46F7-4194-A39B-A31FB26B0CC8}.Release|Any CPU.Build.0 = Release|Any CPU
	EndGlobalSection
	GlobalSection(SolutionProperties) = preSolution
		HideSolutionNode = FALSE
	EndGlobalSection
	GlobalSection(ExtensibilityGlobals) = postSolution
		SolutionGuid = {BD89BCEB-CCF2-4E6D-AE46-6B04085A6328}
	EndGlobalSection
EndGlobal
